
Microsoft Visual Studio Solution File, Format Version 12.00
# Visual Studio Version 17
VisualStudioVersion = 17.4.33103.184
MinimumVisualStudioVersion = 10.0.40219.1
Project("{FAE04EC0-301F-11D3-BF4B-00C04F79EFBC}") = "PorterStemmer", "PorterStemmer\PorterStemmer.csproj", "{F9C51CD2-C5FD-4EAD-8DFB-AD9217BBCF89}"
EndProject
Global
	GlobalSection(SolutionConfigurationPlatforms) = preSolution
		Debug|Any CPU = Debug|Any CPU
		Release|Any CPU = Release|Any CPU
	EndGlobalSection
	GlobalSection(ProjectConfigurationPlatforms) = postSolution
		{F9C51CD2-C5FD-4EAD-8DFB-AD9217BBCF89}.Debug|Any CPU.ActiveCfg = Debug|Any CPU
		{F9C51CD2-C5FD-4EAD-8DFB-AD9217BBCF89}.Debug|Any CPU.Build.0 = Debug|Any CPU
		{F9C51CD2-C5FD-4EAD-8DFB-AD9217BBCF89}.Release|Any CPU.ActiveCfg = Release|Any CPU
		{F9C51CD2-C5FD-4EAD-8DFB-AD9217BBCF89}.Release|Any CPU.Build.0 = Release|Any CPU
	EndGlobalSection
	GlobalSection(SolutionProperties) = preSolution
		HideSolutionNode = FALSE
	EndGlobalSection
	GlobalSection(ExtensibilityGlobals) = postSolution
		SolutionGuid = {F8452A3C-04BA-47ED-9D24-F85ABD766B62}
	EndGlobalSection
EndGlobal
